Microsoft Visual Studio Solution File, Format Version 11.00
# Visual Studio 2008

Project("{4E851E0A-F79F-6DC5-2779-A4E503FAB91F}") = "pathFinding A", "Assembly-CSharp-vs.csproj", "{5DBC46F2-4429-4F02-E17A-C1A40EAE938D}"
EndProject
Global
	GlobalSection(SolutionConfigurationPlatforms) = preSolution
		Debug|Any CPU = Debug|Any CPU
		Release|Any CPU = Release|Any CPU
	EndGlobalSection
	GlobalSection(ProjectConfigurationPlatforms) = postSolution
		{5DBC46F2-4429-4F02-E17A-C1A40EAE938D}.Debug|Any CPU.ActiveCfg = Debug|Any CPU
		{5DBC46F2-4429-4F02-E17A-C1A40EAE938D}.Debug|Any CPU.Build.0 = Debug|Any CPU
		{5DBC46F2-4429-4F02-E17A-C1A40EAE938D}.Release|Any CPU.ActiveCfg = Release|Any CPU
		{5DBC46F2-4429-4F02-E17A-C1A40EAE938D}.Release|Any CPU.Build.0 = Release|Any CPU
	EndGlobalSection
	GlobalSection(SolutionProperties) = preSolution
		HideSolutionNode = FALSE
	EndGlobalSection
				GlobalSection(MonoDevelopProperties) = preSolution
		StartupItem = Assembly-CSharp.csproj
		Policies = $0
		$0.TextStylePolicy = $1
		$1.inheritsSet = null
		$1.scope = text/x-csharp
		$0.CSharpFormattingPolicy = $2
		$2.inheritsSet = Mono
		$2.inheritsScope = text/x-csharp
		$2.scope = text/x-csharp
		$0.TextStylePolicy = $3
		$3.FileWidth = 120
		$3.TabWidth = 4
		$3.IndentWidth = 4
		$3.EolMarker = Unix
		$3.inheritsSet = Mono
		$3.inheritsScope = text/plain
		$3.scope = text/plain
	EndGlobalSection

EndGlobal
